
Microsoft Visual Studio Solution File, Format Version 12.00
# Visual Studio Version 16
VisualStudioVersion = 16.0.29806.167
MinimumVisualStudioVersion = 10.0.40219.1
Project("{FAE04EC0-301F-11D3-BF4B-00C04F79EFBC}") = "tareaitla2", "tareaitla2.csproj", "{B1B53A89-3183-418A-930C-7AB03A3C2A83}"
EndProject
Global
	GlobalSection(SolutionConfigurationPlatforms) = preSolution
		Debug|Any CPU = Debug|Any CPU
		Release|Any CPU = Release|Any CPU
	EndGlobalSection
	GlobalSection(ProjectConfigurationPlatforms) = postSolution
		{B1B53A89-3183-418A-930C-7AB03A3C2A83}.Debug|Any CPU.ActiveCfg = Debug|Any CPU
		{B1B53A89-3183-418A-930C-7AB03A3C2A83}.Debug|Any CPU.Build.0 = Debug|Any CPU
		{B1B53A89-3183-418A-930C-7AB03A3C2A83}.Release|Any CPU.ActiveCfg = Release|Any CPU
		{B1B53A89-3183-418A-930C-7AB03A3C2A83}.Release|Any CPU.Build.0 = Release|Any CPU
	EndGlobalSection
	GlobalSection(SolutionProperties) = preSolution
		HideSolutionNode = FALSE
	EndGlobalSection
	GlobalSection(ExtensibilityGlobals) = postSolution
		SolutionGuid = {2EEB1D88-4E09-4D4D-9AF5-402395B6F362}
	EndGlobalSection
EndGlobal
